
Microsoft Visual Studio Solution File, Format Version 12.00
# Visual Studio Version 17
VisualStudioVersion = 17.5.33516.290
MinimumVisualStudioVersion = 10.0.40219.1
Project("{FAE04EC0-301F-11D3-BF4B-00C04F79EFBC}") = "APIGateway", "APIGateway\APIGateway.csproj", "{43EEB84B-7FE8-4827-B000-14A9A0A0A8C3}"
EndProject
Project("{2150E333-8FDC-42A3-9474-1A3956D46DE8}") = "Services", "Services", "{FE98D8DF-C927-4482-B321-70E9FD21D07D}"
EndProject
Project("{FAE04EC0-301F-11D3-BF4B-00C04F79EFBC}") = "Contact.API", "Services\ContactAPI\Contact.API\Contact.API.csproj", "{5E0D9BBA-8367-4C64-8FE7-31332941F073}"
EndProject
Project("{FAE04EC0-301F-11D3-BF4B-00C04F79EFBC}") = "ReservetionAPI", "Services\RestAPI\ReservetionAPI\ReservetionAPI.csproj", "{B20743B5-E7D6-423B-B960-E4F543D343C9}"
EndProject
Project("{2150E333-8FDC-42A3-9474-1A3956D46DE8}") = "ContactAPI", "ContactAPI", "{171604EA-466E-43AE-8FFB-6956F4BB5678}"
EndProject
Project("{2150E333-8FDC-42A3-9474-1A3956D46DE8}") = "ResarvationAPI", "ResarvationAPI", "{A7D87D5E-5214-4BAE-91CC-55C60450867D}"
EndProject
Project("{FAE04EC0-301F-11D3-BF4B-00C04F79EFBC}") = "ContactAPI.Infrastructure", "Services\ContactAPI\ContactAPI.Infrastructure\ContactAPI.Infrastructure.csproj", "{CF8B3FDE-CD32-4F97-863C-0567C29CF4FB}"
EndProject
Project("{FAE04EC0-301F-11D3-BF4B-00C04F79EFBC}") = "CantactAPIModels", "Services\ContactAPI\CantactAPIModels\CantactAPIModels.csproj", "{2F2E830D-384C-4BC7-8F15-8F74143E8975}"
EndProject
Project("{FAE04EC0-301F-11D3-BF4B-00C04F79EFBC}") = "ContactAPIServices", "Services\ContactAPI\ContactAPIServices\ContactAPIServices.csproj", "{951875F2-727A-4D4F-B102-FA515CA02450}"
EndProject
Project("{FAE04EC0-301F-11D3-BF4B-00C04F79EFBC}") = "ReservationAPIInfrastructure", "Services\RestAPI\ReservationAPıInfrastructure\ReservationAPIInfrastructure.csproj", "{60E75DDD-BA39-4E0B-A1CC-9FC028E54556}"
EndProject
Project("{FAE04EC0-301F-11D3-BF4B-00C04F79EFBC}") = "ReservationAPIServices", "Services\RestAPI\ReservationAPIServices\ReservationAPIServices.csproj", "{D3925EF4-459D-4438-BF3D-1D1085EC079F}"
EndProject
Project("{FAE04EC0-301F-11D3-BF4B-00C04F79EFBC}") = "ReservationAPIModels", "Services\RestAPI\ReservationAPIModels\ReservationAPIModels.csproj", "{7D63F050-B31B-4FF9-BCC3-9375FE17F780}"
EndProject
Global
	GlobalSection(SolutionConfigurationPlatforms) = preSolution
		Debug|Any CPU = Debug|Any CPU
		Release|Any CPU = Release|Any CPU
	EndGlobalSection
	GlobalSection(ProjectConfigurationPlatforms) = postSolution
		{43EEB84B-7FE8-4827-B000-14A9A0A0A8C3}.Debug|Any CPU.ActiveCfg = Debug|Any CPU
		{43EEB84B-7FE8-4827-B000-14A9A0A0A8C3}.Debug|Any CPU.Build.0 = Debug|Any CPU
		{43EEB84B-7FE8-4827-B000-14A9A0A0A8C3}.Release|Any CPU.ActiveCfg = Release|Any CPU
		{43EEB84B-7FE8-4827-B000-14A9A0A0A8C3}.Release|Any CPU.Build.0 = Release|Any CPU
		{5E0D9BBA-8367-4C64-8FE7-31332941F073}.Debug|Any CPU.ActiveCfg = Debug|Any CPU
		{5E0D9BBA-8367-4C64-8FE7-31332941F073}.Debug|Any CPU.Build.0 = Debug|Any CPU
		{5E0D9BBA-8367-4C64-8FE7-31332941F073}.Release|Any CPU.ActiveCfg = Release|Any CPU
		{5E0D9BBA-8367-4C64-8FE7-31332941F073}.Release|Any CPU.Build.0 = Release|Any CPU
		{B20743B5-E7D6-423B-B960-E4F543D343C9}.Debug|Any CPU.ActiveCfg = Debug|Any CPU
		{B20743B5-E7D6-423B-B960-E4F543D343C9}.Debug|Any CPU.Build.0 = Debug|Any CPU
		{B20743B5-E7D6-423B-B960-E4F543D343C9}.Release|Any CPU.ActiveCfg = Release|Any CPU
		{B20743B5-E7D6-423B-B960-E4F543D343C9}.Release|Any CPU.Build.0 = Release|Any CPU
		{CF8B3FDE-CD32-4F97-863C-0567C29CF4FB}.Debug|Any CPU.ActiveCfg = Debug|Any CPU
		{CF8B3FDE-CD32-4F97-863C-0567C29CF4FB}.Debug|Any CPU.Build.0 = Debug|Any CPU
		{CF8B3FDE-CD32-4F97-863C-0567C29CF4FB}.Release|Any CPU.ActiveCfg = Release|Any CPU
		{CF8B3FDE-CD32-4F97-863C-0567C29CF4FB}.Release|Any CPU.Build.0 = Release|Any CPU
		{2F2E830D-384C-4BC7-8F15-8F74143E8975}.Debug|Any CPU.ActiveCfg = Debug|Any CPU
		{2F2E830D-384C-4BC7-8F15-8F74143E8975}.Debug|Any CPU.Build.0 = Debug|Any CPU
		{2F2E830D-384C-4BC7-8F15-8F74143E8975}.Release|Any CPU.ActiveCfg = Release|Any CPU
		{2F2E830D-384C-4BC7-8F15-8F74143E8975}.Release|Any CPU.Build.0 = Release|Any CPU
		{951875F2-727A-4D4F-B102-FA515CA02450}.Debug|Any CPU.ActiveCfg = Debug|Any CPU
		{951875F2-727A-4D4F-B102-FA515CA02450}.Debug|Any CPU.Build.0 = Debug|Any CPU
		{951875F2-727A-4D4F-B102-FA515CA02450}.Release|Any CPU.ActiveCfg = Release|Any CPU
		{951875F2-727A-4D4F-B102-FA515CA02450}.Release|Any CPU.Build.0 = Release|Any CPU
		{60E75DDD-BA39-4E0B-A1CC-9FC028E54556}.Debug|Any CPU.ActiveCfg = Debug|Any CPU
		{60E75DDD-BA39-4E0B-A1CC-9FC028E54556}.Debug|Any CPU.Build.0 = Debug|Any CPU
		{60E75DDD-BA39-4E0B-A1CC-9FC028E54556}.Release|Any CPU.ActiveCfg = Release|Any CPU
		{60E75DDD-BA39-4E0B-A1CC-9FC028E54556}.Release|Any CPU.Build.0 = Release|Any CPU
		{D3925EF4-459D-4438-BF3D-1D1085EC079F}.Debug|Any CPU.ActiveCfg = Debug|Any CPU
		{D3925EF4-459D-4438-BF3D-1D1085EC079F}.Debug|Any CPU.Build.0 = Debug|Any CPU
		{D3925EF4-459D-4438-BF3D-1D1085EC079F}.Release|Any CPU.ActiveCfg = Release|Any CPU
		{D3925EF4-459D-4438-BF3D-1D1085EC079F}.Release|Any CPU.Build.0 = Release|Any CPU
		{7D63F050-B31B-4FF9-BCC3-9375FE17F780}.Debug|Any CPU.ActiveCfg = Debug|Any CPU
		{7D63F050-B31B-4FF9-BCC3-9375FE17F780}.Debug|Any CPU.Build.0 = Debug|Any CPU
		{7D63F050-B31B-4FF9-BCC3-9375FE17F780}.Release|Any CPU.ActiveCfg = Release|Any CPU
		{7D63F050-B31B-4FF9-BCC3-9375FE17F780}.Release|Any CPU.Build.0 = Release|Any CPU
	EndGlobalSection
	GlobalSection(SolutionProperties) = preSolution
		HideSolutionNode = FALSE
	EndGlobalSection
	GlobalSection(NestedProjects) = preSolution
		{5E0D9BBA-8367-4C64-8FE7-31332941F073} = {171604EA-466E-43AE-8FFB-6956F4BB5678}
		{B20743B5-E7D6-423B-B960-E4F543D343C9} = {A7D87D5E-5214-4BAE-91CC-55C60450867D}
		{171604EA-466E-43AE-8FFB-6956F4BB5678} = {FE98D8DF-C927-4482-B321-70E9FD21D07D}
		{A7D87D5E-5214-4BAE-91CC-55C60450867D} = {FE98D8DF-C927-4482-B321-70E9FD21D07D}
		{CF8B3FDE-CD32-4F97-863C-0567C29CF4FB} = {171604EA-466E-43AE-8FFB-6956F4BB5678}
		{2F2E830D-384C-4BC7-8F15-8F74143E8975} = {171604EA-466E-43AE-8FFB-6956F4BB5678}
		{951875F2-727A-4D4F-B102-FA515CA02450} = {171604EA-466E-43AE-8FFB-6956F4BB5678}
		{60E75DDD-BA39-4E0B-A1CC-9FC028E54556} = {A7D87D5E-5214-4BAE-91CC-55C60450867D}
		{D3925EF4-459D-4438-BF3D-1D1085EC079F} = {A7D87D5E-5214-4BAE-91CC-55C60450867D}
		{7D63F050-B31B-4FF9-BCC3-9375FE17F780} = {A7D87D5E-5214-4BAE-91CC-55C60450867D}
	EndGlobalSection
	GlobalSection(ExtensibilityGlobals) = postSolution
		SolutionGuid = {E00F896D-3049-49B6-86BA-C1E07D92961C}
	EndGlobalSection
EndGlobal
